// !$*UTF8*$!
{
	archiveVersion = 1;
	classes = {
	};
	objectVersion = 50;
	objects = {

/* Begin PBXBuildFile section */
		8D1997EB263E7F8C00AA1F84 /* TransactionEntity.swift in Sources */ = {isa = PBXBuildFile; fileRef = 8D1997EA263E7F8C00AA1F84 /* TransactionEntity.swift */; };
		8D48BB25263D9A69002C996E /* UserDefaultHelper.swift in Sources */ = {isa = PBXBuildFile; fileRef = 8D48BB24263D9A69002C996E /* UserDefaultHelper.swift */; };
		8D5F1D57263D385D0027B199 /* Core.h in Headers */ = {isa = PBXBuildFile; fileRef = 8D5F1D55263D385D0027B199 /* Core.h */; settings = {ATTRIBUTES = (Public, ); }; };
		8D6177F4263EDA5400FAE5A6 /* AuthApi.swift in Sources */ = {isa = PBXBuildFile; fileRef = 8D6177F3263EDA5400FAE5A6 /* AuthApi.swift */; };
		8D6177FF263EDDF300FAE5A6 /* LoginDataResponse.swift in Sources */ = {isa = PBXBuildFile; fileRef = 8D6177FE263EDDF300FAE5A6 /* LoginDataResponse.swift */; };
		8D617825263EDFE300FAE5A6 /* NetworkManager.swift in Sources */ = {isa = PBXBuildFile; fileRef = 8D617824263EDFE300FAE5A6 /* NetworkManager.swift */; };
		8D61783C263EE28700FAE5A6 /* LoginResponse.swift in Sources */ = {isa = PBXBuildFile; fileRef = 8D61783B263EE28700FAE5A6 /* LoginResponse.swift */; };
		8D61783F263EE32100FAE5A6 /* NetworkManagerImpl.swift in Sources */ = {isa = PBXBuildFile; fileRef = 8D61783E263EE32100FAE5A6 /* NetworkManagerImpl.swift */; };
		8D617870263EE8C000FAE5A6 /* HomeApi.swift in Sources */ = {isa = PBXBuildFile; fileRef = 8D61786F263EE8C000FAE5A6 /* HomeApi.swift */; };
		8D617874263EE95900FAE5A6 /* GetBalanceResponse.swift in Sources */ = {isa = PBXBuildFile; fileRef = 8D617873263EE95900FAE5A6 /* GetBalanceResponse.swift */; };
		8D617878263EE96300FAE5A6 /* GetBalanceDataResponse.swift in Sources */ = {isa = PBXBuildFile; fileRef = 8D617877263EE96300FAE5A6 /* GetBalanceDataResponse.swift */; };
		8D61787C263EEF7000FAE5A6 /* GetInvoiceResponse.swift in Sources */ = {isa = PBXBuildFile; fileRef = 8D61787B263EEF7000FAE5A6 /* GetInvoiceResponse.swift */; };
		8D61787F263EEF7900FAE5A6 /* GetInvoiceDataResponse.swift in Sources */ = {isa = PBXBuildFile; fileRef = 8D61787E263EEF7900FAE5A6 /* GetInvoiceDataResponse.swift */; };
		8D7210F1263FB29D009C05B1 /* AppConstant.swift in Sources */ = {isa = PBXBuildFile; fileRef = 8D7210F0263FB29D009C05B1 /* AppConstant.swift */; };
		8DE011C4263D471800BED729 /* UIViewExtension.swift in Sources */ = {isa = PBXBuildFile; fileRef = 8DE011C3263D471800BED729 /* UIViewExtension.swift */; };
		8DE0C0CD263EFCC8002AAD98 /* IntExtension.swift in Sources */ = {isa = PBXBuildFile; fileRef = 8DE0C0CC263EFCC8002AAD98 /* IntExtension.swift */; };
		8DF46BBE263D5B9900382B14 /* TransactionCell.swift in Sources */ = {isa = PBXBuildFile; fileRef = 8DF46BBC263D5B9900382B14 /* TransactionCell.swift */; };
		8DF46BBF263D5B9900382B14 /* TransactionCell.xib in Resources */ = {isa = PBXBuildFile; fileRef = 8DF46BBD263D5B9900382B14 /* TransactionCell.xib */; };
		8DF46BC2263D5BEA00382B14 /* Assets.xcassets in Resources */ = {isa = PBXBuildFile; fileRef = 8DF46BC1263D5BEA00382B14 /* Assets.xcassets */; };
		AC12F8116E7047956DB4A247 /* Pods_Core.framework in Frameworks */ = {isa = PBXBuildFile; fileRef = 7CEEA12F873FBD13C8EF5941 /* Pods_Core.framework */; };
/* End PBXBuildFile section */

/* Begin PBXFileReference section */
		0406AFE2C7666D9F6D39B971 /* Pods-Core.release.xcconfig */ = {isa = PBXFileReference; includeInIndex = 1; lastKnownFileType = text.xcconfig; name = "Pods-Core.release.xcconfig"; path = "Target Support Files/Pods-Core/Pods-Core.release.xcconfig"; sourceTree = "<group>"; };
		24A3A90735D7A4D2D1A17E7A /* Pods-Core.debug.xcconfig */ = {isa = PBXFileReference; includeInIndex = 1; lastKnownFileType = text.xcconfig; name = "Pods-Core.debug.xcconfig"; path = "Target Support Files/Pods-Core/Pods-Core.debug.xcconfig"; sourceTree = "<group>"; };
		7CEEA12F873FBD13C8EF5941 /* Pods_Core.framework */ = {isa = PBXFileReference; explicitFileType = wrapper.framework; includeInIndex = 0; path = Pods_Core.framework; sourceTree = BUILT_PRODUCTS_DIR; };
		8D1997EA263E7F8C00AA1F84 /* TransactionEntity.swift */ = {isa = PBXFileReference; fileEncoding = 4; lastKnownFileType = sourcecode.swift; path = TransactionEntity.swift; sourceTree = "<group>"; };
		8D48BB24263D9A69002C996E /* UserDefaultHelper.swift */ = {isa = PBXFileReference; lastKnownFileType = sourcecode.swift; path = UserDefaultHelper.swift; sourceTree = "<group>"; };
		8D5F1D52263D385D0027B199 /* Core.framework */ = {isa = PBXFileReference; explicitFileType = wrapper.framework; includeInIndex = 0; path = Core.framework; sourceTree = BUILT_PRODUCTS_DIR; };
		8D5F1D55263D385D0027B199 /* Core.h */ = {isa = PBXFileReference; lastKnownFileType = sourcecode.c.h; path = Core.h; sourceTree = "<group>"; };
		8D5F1D56263D385D0027B199 /* Info.plist */ = {isa = PBXFileReference; lastKnownFileType = text.plist.xml; path = Info.plist; sourceTree = "<group>"; };
		8D6177F3263EDA5400FAE5A6 /* AuthApi.swift */ = {isa = PBXFileReference; lastKnownFileType = sourcecode.swift; path = AuthApi.swift; sourceTree = "<group>"; };
		8D6177FE263EDDF300FAE5A6 /* LoginDataResponse.swift */ = {isa = PBXFileReference; lastKnownFileType = sourcecode.swift; path = LoginDataResponse.swift; sourceTree = "<group>"; };
		8D617824263EDFE300FAE5A6 /* NetworkManager.swift */ = {isa = PBXFileReference; lastKnownFileType = sourcecode.swift; path = NetworkManager.swift; sourceTree = "<group>"; };
		8D61783B263EE28700FAE5A6 /* LoginResponse.swift */ = {isa = PBXFileReference; lastKnownFileType = sourcecode.swift; path = LoginResponse.swift; sourceTree = "<group>"; };
		8D61783E263EE32100FAE5A6 /* NetworkManagerImpl.swift */ = {isa = PBXFileReference; lastKnownFileType = sourcecode.swift; path = NetworkManagerImpl.swift; sourceTree = "<group>"; };
		8D61786F263EE8C000FAE5A6 /* HomeApi.swift */ = {isa = PBXFileReference; lastKnownFileType = sourcecode.swift; path = HomeApi.swift; sourceTree = "<group>"; };
		8D617873263EE95900FAE5A6 /* GetBalanceResponse.swift */ = {isa = PBXFileReference; lastKnownFileType = sourcecode.swift; path = GetBalanceResponse.swift; sourceTree = "<group>"; };
		8D617877263EE96300FAE5A6 /* GetBalanceDataResponse.swift */ = {isa = PBXFileReference; lastKnownFileType = sourcecode.swift; path = GetBalanceDataResponse.swift; sourceTree = "<group>"; };
		8D61787B263EEF7000FAE5A6 /* GetInvoiceResponse.swift */ = {isa = PBXFileReference; lastKnownFileType = sourcecode.swift; path = GetInvoiceResponse.swift; sourceTree = "<group>"; };
		8D61787E263EEF7900FAE5A6 /* GetInvoiceDataResponse.swift */ = {isa = PBXFileReference; lastKnownFileType = sourcecode.swift; path = GetInvoiceDataResponse.swift; sourceTree = "<group>"; };
		8D7210F0263FB29D009C05B1 /* AppConstant.swift */ = {isa = PBXFileReference; lastKnownFileType = sourcecode.swift; path = AppConstant.swift; sourceTree = "<group>"; };
		8DE011C3263D471800BED729 /* UIViewExtension.swift */ = {isa = PBXFileReference; lastKnownFileType = sourcecode.swift; path = UIViewExtension.swift; sourceTree = "<group>"; };
		8DE0C0CC263EFCC8002AAD98 /* IntExtension.swift */ = {isa = PBXFileReference; lastKnownFileType = sourcecode.swift; path = IntExtension.swift; sourceTree = "<group>"; };
		8DF46BBC263D5B9900382B14 /* TransactionCell.swift */ = {isa = PBXFileReference; lastKnownFileType = sourcecode.swift; path = TransactionCell.swift; sourceTree = "<group>"; };
		8DF46BBD263D5B9900382B14 /* TransactionCell.xib */ = {isa = PBXFileReference; lastKnownFileType = file.xib; path = TransactionCell.xib; sourceTree = "<group>"; };
		8DF46BC1263D5BEA00382B14 /* Assets.xcassets */ = {isa = PBXFileReference; lastKnownFileType = folder.assetcatalog; path = Assets.xcassets; sourceTree = "<group>"; };
/* End PBXFileReference section */

/* Begin PBXFrameworksBuildPhase section */
		8D5F1D4F263D385D0027B199 /* Frameworks */ = {
			isa = PBXFrameworksBuildPhase;
			buildActionMask = 2147483647;
			files = (
				AC12F8116E7047956DB4A247 /* Pods_Core.framework in Frameworks */,
			);
			runOnlyForDeploymentPostprocessing = 0;
		};
/* End PBXFrameworksBuildPhase section */

/* Begin PBXGroup section */
		0C48CFEA87F3EE0C4B5B584F /* Pods */ = {
			isa = PBXGroup;
			children = (
				24A3A90735D7A4D2D1A17E7A /* Pods-Core.debug.xcconfig */,
				0406AFE2C7666D9F6D39B971 /* Pods-Core.release.xcconfig */,
			);
			name = Pods;
			path = ../../App/Pods;
			sourceTree = "<group>";
		};
		55B595862556730065607B48 /* Frameworks */ = {
			isa = PBXGroup;
			children = (
				7CEEA12F873FBD13C8EF5941 /* Pods_Core.framework */,
			);
			name = Frameworks;
			sourceTree = "<group>";
		};
		8D1997E9263E7F8100AA1F84 /* Entity */ = {
			isa = PBXGroup;
			children = (
				8D1997EA263E7F8C00AA1F84 /* TransactionEntity.swift */,
			);
			path = Entity;
			sourceTree = "<group>";
		};
		8D48BB21263D99F2002C996E /* Extension */ = {
			isa = PBXGroup;
			children = (
				8DE011C3263D471800BED729 /* UIViewExtension.swift */,
				8DE0C0CC263EFCC8002AAD98 /* IntExtension.swift */,
			);
			path = Extension;
			sourceTree = "<group>";
		};
		8D48BB23263D99FD002C996E /* Helper */ = {
			isa = PBXGroup;
			children = (
				8D48BB24263D9A69002C996E /* UserDefaultHelper.swift */,
				8D7210F0263FB29D009C05B1 /* AppConstant.swift */,
			);
			path = Helper;
			sourceTree = "<group>";
		};
		8D5F1D48263D385D0027B199 = {
			isa = PBXGroup;
			children = (
				8D5F1D54263D385D0027B199 /* Core */,
				8D5F1D53263D385D0027B199 /* Products */,
				0C48CFEA87F3EE0C4B5B584F /* Pods */,
				55B595862556730065607B48 /* Frameworks */,
			);
			sourceTree = "<group>";
		};
		8D5F1D53263D385D0027B199 /* Products */ = {
			isa = PBXGroup;
			children = (
				8D5F1D52263D385D0027B199 /* Core.framework */,
			);
			name = Products;
			sourceTree = "<group>";
		};
		8D5F1D54263D385D0027B199 /* Core */ = {
			isa = PBXGroup;
			children = (
				8DF46BC1263D5BEA00382B14 /* Assets.xcassets */,
				8D6178A5263EF8EB00FAE5A6 /* Data */,
				8D48BB23263D99FD002C996E /* Helper */,
				8D48BB21263D99F2002C996E /* Extension */,
				8DE011BE263D441900BED729 /* Component */,
				8D5F1D55263D385D0027B199 /* Core.h */,
				8D5F1D56263D385D0027B199 /* Info.plist */,
			);
			path = Core;
			sourceTree = "<group>";
		};
		8D6177F2263EDA2A00FAE5A6 /* Network */ = {
			isa = PBXGroup;
			children = (
				8D61786E263EE8B400FAE5A6 /* Home */,
				8D6177F7263EDB4A00FAE5A6 /* Auth */,
				8D617824263EDFE300FAE5A6 /* NetworkManager.swift */,
				8D61783E263EE32100FAE5A6 /* NetworkManagerImpl.swift */,
			);
			path = Network;
			sourceTree = "<group>";
		};
		8D6177F7263EDB4A00FAE5A6 /* Auth */ = {
			isa = PBXGroup;
			children = (
				8D6177F9263EDDDE00FAE5A6 /* Response */,
				8D6177F3263EDA5400FAE5A6 /* AuthApi.swift */,
			);
			path = Auth;
			sourceTree = "<group>";
		};
		8D6177F9263EDDDE00FAE5A6 /* Response */ = {
			isa = PBXGroup;
			children = (
				8D6177FE263EDDF300FAE5A6 /* LoginDataResponse.swift */,
				8D61783B263EE28700FAE5A6 /* LoginResponse.swift */,
			);
			path = Response;
			sourceTree = "<group>";
		};
		8D61786E263EE8B400FAE5A6 /* Home */ = {
			isa = PBXGroup;
			children = (
				8D617872263EE94B00FAE5A6 /* Response */,
				8D61786F263EE8C000FAE5A6 /* HomeApi.swift */,
			);
			path = Home;
			sourceTree = "<group>";
		};
		8D617872263EE94B00FAE5A6 /* Response */ = {
			isa = PBXGroup;
			children = (
				8D617873263EE95900FAE5A6 /* GetBalanceResponse.swift */,
				8D617877263EE96300FAE5A6 /* GetBalanceDataResponse.swift */,
				8D61787B263EEF7000FAE5A6 /* GetInvoiceResponse.swift */,
				8D61787E263EEF7900FAE5A6 /* GetInvoiceDataResponse.swift */,
			);
			path = Response;
			sourceTree = "<group>";
		};
		8D6178A5263EF8EB00FAE5A6 /* Data */ = {
			isa = PBXGroup;
			children = (
				8D1997E9263E7F8100AA1F84 /* Entity */,
				8D6177F2263EDA2A00FAE5A6 /* Network */,
			);
			path = Data;
			sourceTree = "<group>";
		};
		8DE011BE263D441900BED729 /* Component */ = {
			isa = PBXGroup;
			children = (
				8DF46BB6263D5B6C00382B14 /* TransactionCell */,
			);
			path = Component;
			sourceTree = "<group>";
		};
		8DF46BB6263D5B6C00382B14 /* TransactionCell */ = {
			isa = PBXGroup;
			children = (
				8DF46BBC263D5B9900382B14 /* TransactionCell.swift */,
				8DF46BBD263D5B9900382B14 /* TransactionCell.xib */,
			);
			path = TransactionCell;
			sourceTree = "<group>";
		};
/* End PBXGroup section */

/* Begin PBXHeadersBuildPhase section */
		8D5F1D4D263D385D0027B199 /* Headers */ = {
			isa = PBXHeadersBuildPhase;
			buildActionMask = 2147483647;
			files = (
				8D5F1D57263D385D0027B199 /* Core.h in Headers */,
			);
			runOnlyForDeploymentPostprocessing = 0;
		};
/* End PBXHeadersBuildPhase section */

/* Begin PBXNativeTarget section */
		8D5F1D51263D385D0027B199 /* Core */ = {
			isa = PBXNativeTarget;
			buildConfigurationList = 8D5F1D5A263D385D0027B199 /* Build configuration list for PBXNativeTarget "Core" */;
			buildPhases = (
				AADFDC5C5EAC863EC6B95E0F /* [CP] Check Pods Manifest.lock */,
				8D5F1D4D263D385D0027B199 /* Headers */,
				8D5F1D4E263D385D0027B199 /* Sources */,
				8D5F1D4F263D385D0027B199 /* Frameworks */,
				8D5F1D50263D385D0027B199 /* Resources */,
			);
			buildRules = (
			);
			dependencies = (
			);
			name = Core;
			productName = Core;
			productReference = 8D5F1D52263D385D0027B199 /* Core.framework */;
			productType = "com.apple.product-type.framework";
		};
/* End PBXNativeTarget section */

/* Begin PBXProject section */
		8D5F1D49263D385D0027B199 /* Project object */ = {
			isa = PBXProject;
			attributes = {
				LastUpgradeCheck = 1240;
				TargetAttributes = {
					8D5F1D51263D385D0027B199 = {
						CreatedOnToolsVersion = 12.4;
						LastSwiftMigration = 1240;
					};
				};
			};
			buildConfigurationList = 8D5F1D4C263D385D0027B199 /* Build configuration list for PBXProject "Core" */;
			compatibilityVersion = "Xcode 9.3";
			developmentRegion = en;
			hasScannedForEncodings = 0;
			knownRegions = (
				en,
				Base,
			);
			mainGroup = 8D5F1D48263D385D0027B199;
			productRefGroup = 8D5F1D53263D385D0027B199 /* Products */;
			projectDirPath = "";
			projectRoot = "";
			targets = (
				8D5F1D51263D385D0027B199 /* Core */,
			);
		};
/* End PBXProject section */

/* Begin PBXResourcesBuildPhase section */
		8D5F1D50263D385D0027B199 /* Resources */ = {
			isa = PBXResourcesBuildPhase;
			buildActionMask = 2147483647;
			files = (
				8DF46BC2263D5BEA00382B14 /* Assets.xcassets in Resources */,
				8DF46BBF263D5B9900382B14 /* TransactionCell.xib in Resources */,
			);
			runOnlyForDeploymentPostprocessing = 0;
		};
/* End PBXResourcesBuildPhase section */

/* Begin PBXShellScriptBuildPhase section */
		AADFDC5C5EAC863EC6B95E0F /* [CP] Check Pods Manifest.lock */ = {
			isa = PBXShellScriptBuildPhase;
			buildActionMask = 2147483647;
			files = (
			);
			inputFileListPaths = (
			);
			inputPaths = (
				"${PODS_PODFILE_DIR_PATH}/Podfile.lock",
				"${PODS_ROOT}/Manifest.lock",
			);
			name = "[CP] Check Pods Manifest.lock";
			outputFileListPaths = (
			);
			outputPaths = (
				"$(DERIVED_FILE_DIR)/Pods-Core-checkManifestLockResult.txt",
			);
			runOnlyForDeploymentPostprocessing = 0;
			shellPath = /bin/sh;
			shellScript = "diff \"${PODS_PODFILE_DIR_PATH}/Podfile.lock\" \"${PODS_ROOT}/Manifest.lock\" > /dev/null\nif [ $? != 0 ] ; then\n    # print error to STDERR\n    echo \"error: The sandbox is not in sync with the Podfile.lock. Run 'pod install' or update your CocoaPods installation.\" >&2\n    exit 1\nfi\n# This output is used by Xcode 'outputs' to avoid re-running this script phase.\necho \"SUCCESS\" > \"${SCRIPT_OUTPUT_FILE_0}\"\n";
			showEnvVarsInLog = 0;
		};
/* End PBXShellScriptBuildPhase section */

/* Begin PBXSourcesBuildPhase section */
		8D5F1D4E263D385D0027B199 /* Sources */ = {
			isa = PBXSourcesBuildPhase;
			buildActionMask = 2147483647;
			files = (
				8D61787C263EEF7000FAE5A6 /* GetInvoiceResponse.swift in Sources */,
				8D617825263EDFE300FAE5A6 /* NetworkManager.swift in Sources */,
				8D6177F4263EDA5400FAE5A6 /* AuthApi.swift in Sources */,
				8DE011C4263D471800BED729 /* UIViewExtension.swift in Sources */,
				8D617874263EE95900FAE5A6 /* GetBalanceResponse.swift in Sources */,
				8D48BB25263D9A69002C996E /* UserDefaultHelper.swift in Sources */,
				8D61783F263EE32100FAE5A6 /* NetworkManagerImpl.swift in Sources */,
				8D7210F1263FB29D009C05B1 /* AppConstant.swift in Sources */,
				8D61783C263EE28700FAE5A6 /* LoginResponse.swift in Sources */,
				8D1997EB263E7F8C00AA1F84 /* TransactionEntity.swift in Sources */,
				8D6177FF263EDDF300FAE5A6 /* LoginDataResponse.swift in Sources */,
				8DF46BBE263D5B9900382B14 /* TransactionCell.swift in Sources */,
				8DE0C0CD263EFCC8002AAD98 /* IntExtension.swift in Sources */,
				8D61787F263EEF7900FAE5A6 /* GetInvoiceDataResponse.swift in Sources */,
				8D617878263EE96300FAE5A6 /* GetBalanceDataResponse.swift in Sources */,
				8D617870263EE8C000FAE5A6 /* HomeApi.swift in Sources */,
			);
			runOnlyForDeploymentPostprocessing = 0;
		};
/* End PBXSourcesBuildPhase section */

/* Begin XCBuildConfiguration section */
		8D5F1D58263D385D0027B199 /* Debug */ = {
			isa = XCBuildConfiguration;
			buildSettings = {
				ALWAYS_SEARCH_USER_PATHS = NO;
				CLANG_ANALYZER_NONNULL = YES;
				CLANG_ANALYZER_NUMBER_OBJECT_CONVERSION = YES_AGGRESSIVE;
				CLANG_CXX_LANGUAGE_STANDARD = "gnu++14";
				CLANG_CXX_LIBRARY = "libc++";
				CLANG_ENABLE_MODULES = YES;
				CLANG_ENABLE_OBJC_ARC = YES;
				CLANG_ENABLE_OBJC_WEAK = YES;
				CLANG_WARN_BLOCK_CAPTURE_AUTORELEASING = YES;
				CLANG_WARN_BOOL_CONVERSION = YES;
				CLANG_WARN_COMMA = YES;
				CLANG_WARN_CONSTANT_CONVERSION = YES;
				CLANG_WARN_DEPRECATED_OBJC_IMPLEMENTATIONS = YES;
				CLANG_WARN_DIRECT_OBJC_ISA_USAGE = YES_ERROR;
				CLANG_WARN_DOCUMENTATION_COMMENTS = YES;
				CLANG_WARN_EMPTY_BODY = YES;
				CLANG_WARN_ENUM_CONVERSION = YES;
				CLANG_WARN_INFINITE_RECURSION = YES;
				CLANG_WARN_INT_CONVERSION = YES;
				CLANG_WARN_NON_LITERAL_NULL_CONVERSION = YES;
				CLANG_WARN_OBJC_IMPLICIT_RETAIN_SELF = YES;
				CLANG_WARN_OBJC_LITERAL_CONVERSION = YES;
				CLANG_WARN_OBJC_ROOT_CLASS = YES_ERROR;
				CLANG_WARN_QUOTED_INCLUDE_IN_FRAMEWORK_HEADER = YES;
				CLANG_WARN_RANGE_LOOP_ANALYSIS = YES;
				CLANG_WARN_STRICT_PROTOTYPES = YES;
				CLANG_WARN_SUSPICIOUS_MOVE = YES;
				CLANG_WARN_UNGUARDED_AVAILABILITY = YES_AGGRESSIVE;
				CLANG_WARN_UNREACHABLE_CODE = YES;
				CLANG_WARN__DUPLICATE_METHOD_MATCH = YES;
				COPY_PHASE_STRIP = NO;
				CURRENT_PROJECT_VERSION = 1;
				DEBUG_INFORMATION_FORMAT = dwarf;
				ENABLE_STRICT_OBJC_MSGSEND = YES;
				ENABLE_TESTABILITY = YES;
				GCC_C_LANGUAGE_STANDARD = gnu11;
				GCC_DYNAMIC_NO_PIC = NO;
				GCC_NO_COMMON_BLOCKS = YES;
				GCC_OPTIMIZATION_LEVEL = 0;
				GCC_PREPROCESSOR_DEFINITIONS = (
					"DEBUG=1",
					"$(inherited)",
				);
				GCC_WARN_64_TO_32_BIT_CONVERSION = YES;
				GCC_WARN_ABOUT_RETURN_TYPE = YES_ERROR;
				GCC_WARN_UNDECLARED_SELECTOR = YES;
				GCC_WARN_UNINITIALIZED_AUTOS = YES_AGGRESSIVE;
				GCC_WARN_UNUSED_FUNCTION = YES;
				GCC_WARN_UNUSED_VARIABLE = YES;
				IPHONEOS_DEPLOYMENT_TARGET = 14.4;
				MTL_ENABLE_DEBUG_INFO = INCLUDE_SOURCE;
				MTL_FAST_MATH = YES;
				ONLY_ACTIVE_ARCH = YES;
				SDKROOT = iphoneos;
				SWIFT_ACTIVE_COMPILATION_CONDITIONS = DEBUG;
				SWIFT_OPTIMIZATION_LEVEL = "-Onone";
				VERSIONING_SYSTEM = "apple-generic";
				VERSION_INFO_PREFIX = "";
			};
			name = Debug;
		};
		8D5F1D59263D385D0027B199 /* Release */ = {
			isa = XCBuildConfiguration;
			buildSettings = {
				ALWAYS_SEARCH_USER_PATHS = NO;
				CLANG_ANALYZER_NONNULL = YES;
				CLANG_ANALYZER_NUMBER_OBJECT_CONVERSION = YES_AGGRESSIVE;
				CLANG_CXX_LANGUAGE_STANDARD = "gnu++14";
				CLANG_CXX_LIBRARY = "libc++";
				CLANG_ENABLE_MODULES = YES;
				CLANG_ENABLE_OBJC_ARC = YES;
				CLANG_ENABLE_OBJC_WEAK = YES;
				CLANG_WARN_BLOCK_CAPTURE_AUTORELEASING = YES;
				CLANG_WARN_BOOL_CONVERSION = YES;
				CLANG_WARN_COMMA = YES;
				CLANG_WARN_CONSTANT_CONVERSION = YES;
				CLANG_WARN_DEPRECATED_OBJC_IMPLEMENTATIONS = YES;
				CLANG_WARN_DIRECT_OBJC_ISA_USAGE = YES_ERROR;
				CLANG_WARN_DOCUMENTATION_COMMENTS = YES;
				CLANG_WARN_EMPTY_BODY = YES;
				CLANG_WARN_ENUM_CONVERSION = YES;
				CLANG_WARN_INFINITE_RECURSION = YES;
				CLANG_WARN_INT_CONVERSION = YES;
				CLANG_WARN_NON_LITERAL_NULL_CONVERSION = YES;
				CLANG_WARN_OBJC_IMPLICIT_RETAIN_SELF = YES;
				CLANG_WARN_OBJC_LITERAL_CONVERSION = YES;
				CLANG_WARN_OBJC_ROOT_CLASS = YES_ERROR;
				CLANG_WARN_QUOTED_INCLUDE_IN_FRAMEWORK_HEADER = YES;
				CLANG_WARN_RANGE_LOOP_ANALYSIS = YES;
				CLANG_WARN_STRICT_PROTOTYPES = YES;
				CLANG_WARN_SUSPICIOUS_MOVE = YES;
				CLANG_WARN_UNGUARDED_AVAILABILITY = YES_AGGRESSIVE;
				CLANG_WARN_UNREACHABLE_CODE = YES;
				CLANG_WARN__DUPLICATE_METHOD_MATCH = YES;
				COPY_PHASE_STRIP = NO;
				CURRENT_PROJECT_VERSION = 1;
				DEBUG_INFORMATION_FORMAT = "dwarf-with-dsym";
				ENABLE_NS_ASSERTIONS = NO;
				ENABLE_STRICT_OBJC_MSGSEND = YES;
				GCC_C_LANGUAGE_STANDARD = gnu11;
				GCC_NO_COMMON_BLOCKS = YES;
				GCC_WARN_64_TO_32_BIT_CONVERSION = YES;
				GCC_WARN_ABOUT_RETURN_TYPE = YES_ERROR;
				GCC_WARN_UNDECLARED_SELECTOR = YES;
				GCC_WARN_UNINITIALIZED_AUTOS = YES_AGGRESSIVE;
				GCC_WARN_UNUSED_FUNCTION = YES;
				GCC_WARN_UNUSED_VARIABLE = YES;
				IPHONEOS_DEPLOYMENT_TARGET = 14.4;
				MTL_ENABLE_DEBUG_INFO = NO;
				MTL_FAST_MATH = YES;
				SDKROOT = iphoneos;
				SWIFT_COMPILATION_MODE = wholemodule;
				SWIFT_OPTIMIZATION_LEVEL = "-O";
				VALIDATE_PRODUCT = YES;
				VERSIONING_SYSTEM = "apple-generic";
				VERSION_INFO_PREFIX = "";
			};
			name = Release;
		};
		8D5F1D5B263D385D0027B199 /* Debug */ = {
			isa = XCBuildConfiguration;
			baseConfigurationReference = 24A3A90735D7A4D2D1A17E7A /* Pods-Core.debug.xcconfig */;
			buildSettings = {
				CLANG_ENABLE_MODULES = YES;
				CODE_SIGN_STYLE = Automatic;
				DEFINES_MODULE = YES;
				DEVELOPMENT_TEAM = 5B2L4KSFG2;
				DYLIB_COMPATIBILITY_VERSION = 1;
				DYLIB_CURRENT_VERSION = 1;
				DYLIB_INSTALL_NAME_BASE = "@rpath";
				INFOPLIST_FILE = Core/Info.plist;
				INSTALL_PATH = "$(LOCAL_LIBRARY_DIR)/Frameworks";
				IPHONEOS_DEPLOYMENT_TARGET = 12.1;
				LD_RUNPATH_SEARCH_PATHS = (
					"$(inherited)",
					"@executable_path/Frameworks",
					"@loader_path/Frameworks",
				);
				PRODUCT_BUNDLE_IDENTIFIER = com.casestudy.Core;
				PRODUCT_NAME = "$(TARGET_NAME:c99extidentifier)";
				SKIP_INSTALL = YES;
				SUPPORTS_MACCATALYST = NO;
				SWIFT_OPTIMIZATION_LEVEL = "-Onone";
				SWIFT_VERSION = 5.0;
				TARGETED_DEVICE_FAMILY = "1,2";
			};
			name = Debug;
		};
		8D5F1D5C263D385D0027B199 /* Release */ = {
			isa = XCBuildConfiguration;
			baseConfigurationReference = 0406AFE2C7666D9F6D39B971 /* Pods-Core.release.xcconfig */;
			buildSettings = {
				CLANG_ENABLE_MODULES = YES;
				CODE_SIGN_STYLE = Automatic;
				DEFINES_MODULE = YES;
				DEVELOPMENT_TEAM = 5B2L4KSFG2;
				DYLIB_COMPATIBILITY_VERSION = 1;
				DYLIB_CURRENT_VERSION = 1;
				DYLIB_INSTALL_NAME_BASE = "@rpath";
				INFOPLIST_FILE = Core/Info.plist;
				INSTALL_PATH = "$(LOCAL_LIBRARY_DIR)/Frameworks";
				IPHONEOS_DEPLOYMENT_TARGET = 12.1;
				LD_RUNPATH_SEARCH_PATHS = (
					"$(inherited)",
					"@executable_path/Frameworks",
					"@loader_path/Frameworks",
				);
				PRODUCT_BUNDLE_IDENTIFIER = com.casestudy.Core;
				PRODUCT_NAME = "$(TARGET_NAME:c99extidentifier)";
				SKIP_INSTALL = YES;
				SUPPORTS_MACCATALYST = NO;
				SWIFT_VERSION = 5.0;
				TARGETED_DEVICE_FAMILY = "1,2";
			};
			name = Release;
		};
/* End XCBuildConfiguration section */

/* Begin XCConfigurationList section */
		8D5F1D4C263D385D0027B199 /* Build configuration list for PBXProject "Core" */ = {
			isa = XCConfigurationList;
			buildConfigurations = (
				8D5F1D58263D385D0027B199 /* Debug */,
				8D5F1D59263D385D0027B199 /* Release */,
			);
			defaultConfigurationIsVisible = 0;
			defaultConfigurationName = Release;
		};
		8D5F1D5A263D385D0027B199 /* Build configuration list for PBXNativeTarget "Core" */ = {
			isa = XCConfigurationList;
			buildConfigurations = (
				8D5F1D5B263D385D0027B199 /* Debug */,
				8D5F1D5C263D385D0027B199 /* Release */,
			);
			defaultConfigurationIsVisible = 0;
			defaultConfigurationName = Release;
		};
/* End XCConfigurationList section */
	};
	rootObject = 8D5F1D49263D385D0027B199 /* Project object */;
}
